
Microsoft Visual Studio Solution File, Format Version 12.00
# Visual Studio Version 17
VisualStudioVersion = 17.4.33213.308
MinimumVisualStudioVersion = 10.0.40219.1
Project("{FAE04EC0-301F-11D3-BF4B-00C04F79EFBC}") = "Eventos", "Eventos\Eventos.csproj", "{5F768DB7-8DA4-4F6A-B057-5A9E5B8945C5}"
EndProject
Global
	GlobalSection(SolutionConfigurationPlatforms) = preSolution
		Debug|Any CPU = Debug|Any CPU
		Release|Any CPU = Release|Any CPU
	EndGlobalSection
	GlobalSection(ProjectConfigurationPlatforms) = postSolution
		{5F768DB7-8DA4-4F6A-B057-5A9E5B8945C5}.Debug|Any CPU.ActiveCfg = Debug|Any CPU
		{5F768DB7-8DA4-4F6A-B057-5A9E5B8945C5}.Debug|Any CPU.Build.0 = Debug|Any CPU
		{5F768DB7-8DA4-4F6A-B057-5A9E5B8945C5}.Release|Any CPU.ActiveCfg = Release|Any CPU
		{5F768DB7-8DA4-4F6A-B057-5A9E5B8945C5}.Release|Any CPU.Build.0 = Release|Any CPU
	EndGlobalSection
	GlobalSection(SolutionProperties) = preSolution
		HideSolutionNode = FALSE
	EndGlobalSection
	GlobalSection(ExtensibilityGlobals) = postSolution
		SolutionGuid = {688DB754-8A1E-4639-84D3-768F71D1A048}
	EndGlobalSection
EndGlobal
